
Microsoft Visual Studio Solution File, Format Version 12.00
# Visual Studio Version 17
VisualStudioVersion = 17.14.36518.9 d17.14
MinimumVisualStudioVersion = 10.0.40219.1
Project("{FAE04EC0-301F-11D3-BF4B-00C04F79EFBC}") = "RequestlyWebApi", "RequestlyWebApi.csproj", "{248C5124-C3A2-4AED-9D4C-9DEDB230F19C}"
EndProject
Global
	GlobalSection(SolutionConfigurationPlatforms) = preSolution
		Debug|Any CPU = Debug|Any CPU
		Release|Any CPU = Release|Any CPU
	EndGlobalSection
	GlobalSection(ProjectConfigurationPlatforms) = postSolution
		{248C5124-C3A2-4AED-9D4C-9DEDB230F19C}.Debug|Any CPU.ActiveCfg = Debug|Any CPU
		{248C5124-C3A2-4AED-9D4C-9DEDB230F19C}.Debug|Any CPU.Build.0 = Debug|Any CPU
		{248C5124-C3A2-4AED-9D4C-9DEDB230F19C}.Release|Any CPU.ActiveCfg = Release|Any CPU
		{248C5124-C3A2-4AED-9D4C-9DEDB230F19C}.Release|Any CPU.Build.0 = Release|Any CPU
	EndGlobalSection
	GlobalSection(SolutionProperties) = preSolution
		HideSolutionNode = FALSE
	EndGlobalSection
	GlobalSection(ExtensibilityGlobals) = postSolution
		SolutionGuid = {56D3DA53-39BC-440B-B45C-F34B5F17C5C9}
	EndGlobalSection
EndGlobal
